
Microsoft Visual Studio Solution File, Format Version 12.00
# Visual Studio Version 17
VisualStudioVersion = 17.14.36429.23 d17.14
MinimumVisualStudioVersion = 10.0.40219.1
Project("{FAE04EC0-301F-11D3-BF4B-00C04F79EFBC}") = "CopsAndThieves", "CopsAndThieves.csproj", "{9B626E22-07D3-4BAA-91F8-8ABEDD180FAE}"
EndProject
Global
	GlobalSection(SolutionConfigurationPlatforms) = preSolution
		Debug|Any CPU = Debug|Any CPU
		Release|Any CPU = Release|Any CPU
	EndGlobalSection
	GlobalSection(ProjectConfigurationPlatforms) = postSolution
		{9B626E22-07D3-4BAA-91F8-8ABEDD180FAE}.Debug|Any CPU.ActiveCfg = Debug|Any CPU
		{9B626E22-07D3-4BAA-91F8-8ABEDD180FAE}.Debug|Any CPU.Build.0 = Debug|Any CPU
		{9B626E22-07D3-4BAA-91F8-8ABEDD180FAE}.Release|Any CPU.ActiveCfg = Release|Any CPU
		{9B626E22-07D3-4BAA-91F8-8ABEDD180FAE}.Release|Any CPU.Build.0 = Release|Any CPU
	EndGlobalSection
	GlobalSection(SolutionProperties) = preSolution
		HideSolutionNode = FALSE
	EndGlobalSection
	GlobalSection(ExtensibilityGlobals) = postSolution
		SolutionGuid = {147D2DBB-6B1B-4511-8FC4-A081CC9D0E95}
	EndGlobalSection
EndGlobal
